{
  "name": "nexcent",
  "lockfileVersion": 3,
  "requires": true,
  "packages": {
    "": {
      "dependencies": {
        "normalize.css": "^3.0.3"
      }
    },
    "node_modules/normalize.css": {
      "version": "3.0.3",
      "resolved": "https://registry.npmjs.org/normalize.css/-/normalize.css-3.0.3.tgz",
      "integrity": "sha512-7OavvKXqPta8bgGhWzcUOnZ9KCkANYzbq4ytNKgNeFRTaz3KAm1eGUQ/vyAeVjlDXjolsbYREctuzyQytCDiBA==",
      "license": "MIT"
    }
  }
}
